github.com/shurcooL/go v0.0.0-20200502201357-93f07166e636 h1:aSISeOcal5irEhJd1M+IrApc0PdcN7e7Aj4yuEnOrfQ=
github.com/shurcooL/go v0.0.0-20200502201357-93f07166e636/go.mod h1:TDJrrUr11Vxrven61rcy3hJMUqaf/CLWYhHNPmT14Lk=
github.com/shurcooL/go-goon v1.0.0 h1:BCQPvxGkHHJ4WpBO4m/9FXbITVIsvAm/T66cCcCGI7E=
github.com/shurcooL/go-goon v1.0.0/go.mod h1:2wTHMsGo7qnpmqA8ADYZtP4I1DD94JpXGQ3Dxq2YQ5w=
github.com/shurcooL/goexec v0.0.0-20200425235707-36ff6d2d1adc h1:6tlsRh5xYD175CRgnZI30zWK3HCvLT5v/BSFM0+c4m8=
github.com/shurcooL/goexec v0.0.0-20200425235707-36ff6d2d1adc/go.mod h1:0V15Gv9ZhqL5nNfb4X8CdLvnZv82NX7TkclWeAbwNrg=
golang.org/x/mod v0.9.0 h1:KENHtAZL2y3NLMYZeHY9DW8HW8V+kQyJsY/V9JlKvCs=
golang.org/x/mod v0.9.0/go.mod h1:iBbtSCu2XBx23ZKBPSOrRkjjQPZFPuis4dIYUhu/chs=
golang.org/x/sys v0.6.0 h1:MVltZSvRTcU2ljQOhs94SXPftV6DCNnZViHeQps87pQ=
golang.org/x/sys v0.6.0/go.mod h1:oPkhp1MJrh7nUepCBck5+mAzfO9JrbApNNgaTdGDITg=
golang.org/x/tools v0.7.0 h1:W4OVu8VVOaIO0yzWMNdepAulS7YfoS3Zabrm8DOXXU4=
golang.org/x/tools v0.7.0/go.mod h1:4pg6aUX35JBAogB10C9AtvVL+qowtN4pT3CGSQex14s=
